
Microsoft Visual Studio Solution File, Format Version 12.00
# Visual Studio Version 17
VisualStudioVersion = 17.14.36414.22 d17.14
MinimumVisualStudioVersion = 10.0.40219.1
Project("{FAE04EC0-301F-11D3-BF4B-00C04F79EFBC}") = "APItodo", "APItodo\APItodo.csproj", "{28AC9F58-545C-4EC3-9536-F5CF9CC9EB3E}"
EndProject
Global
	GlobalSection(SolutionConfigurationPlatforms) = preSolution
		Debug|Any CPU = Debug|Any CPU
		Release|Any CPU = Release|Any CPU
	EndGlobalSection
	GlobalSection(ProjectConfigurationPlatforms) = postSolution
		{28AC9F58-545C-4EC3-9536-F5CF9CC9EB3E}.Debug|Any CPU.ActiveCfg = Debug|Any CPU
		{28AC9F58-545C-4EC3-9536-F5CF9CC9EB3E}.Debug|Any CPU.Build.0 = Debug|Any CPU
		{28AC9F58-545C-4EC3-9536-F5CF9CC9EB3E}.Release|Any CPU.ActiveCfg = Release|Any CPU
		{28AC9F58-545C-4EC3-9536-F5CF9CC9EB3E}.Release|Any CPU.Build.0 = Release|Any CPU
	EndGlobalSection
	GlobalSection(SolutionProperties) = preSolution
		HideSolutionNode = FALSE
	EndGlobalSection
	GlobalSection(ExtensibilityGlobals) = postSolution
		SolutionGuid = {48E196EA-CF5F-48F7-9582-5588C8E70C29}
	EndGlobalSection
EndGlobal
